
Microsoft Visual Studio Solution File, Format Version 12.00
# Visual Studio Version 17
VisualStudioVersion = 17.3.32929.385
MinimumVisualStudioVersion = 10.0.40219.1
Project("{FAE04EC0-301F-11D3-BF4B-00C04F79EFBC}") = "timActionCenter", "timActionCenter\timActionCenter.csproj", "{C00BE1BD-1902-4FAD-AFEF-C2C13AC72E14}"
EndProject
Global
	GlobalSection(SolutionConfigurationPlatforms) = preSolution
		Debug|Any CPU = Debug|Any CPU
		Release|Any CPU = Release|Any CPU
	EndGlobalSection
	GlobalSection(ProjectConfigurationPlatforms) = postSolution
		{C00BE1BD-1902-4FAD-AFEF-C2C13AC72E14}.Debug|Any CPU.ActiveCfg = Debug|Any CPU
		{C00BE1BD-1902-4FAD-AFEF-C2C13AC72E14}.Debug|Any CPU.Build.0 = Debug|Any CPU
		{C00BE1BD-1902-4FAD-AFEF-C2C13AC72E14}.Release|Any CPU.ActiveCfg = Release|Any CPU
		{C00BE1BD-1902-4FAD-AFEF-C2C13AC72E14}.Release|Any CPU.Build.0 = Release|Any CPU
	EndGlobalSection
	GlobalSection(SolutionProperties) = preSolution
		HideSolutionNode = FALSE
	EndGlobalSection
	GlobalSection(ExtensibilityGlobals) = postSolution
		SolutionGuid = {6FE62CF2-9B3B-4407-99A9-FA18623A42D6}
	EndGlobalSection
EndGlobal
